
Microsoft Visual Studio Solution File, Format Version 12.00
# Visual Studio Version 17
VisualStudioVersion = 17.5.33627.172
MinimumVisualStudioVersion = 10.0.40219.1
Project("{FAE04EC0-301F-11D3-BF4B-00C04F79EFBC}") = "src", "src\RecentItemQueue.csproj", "{6B3D2A36-81FC-4AAF-8E64-E9C70701B4AA}"
EndProject
Project("{FAE04EC0-301F-11D3-BF4B-00C04F79EFBC}") = "test", "test\test.csproj", "{45FF93E4-B45B-478B-BD0D-052A8369661B}"
EndProject
Global
	GlobalSection(SolutionConfigurationPlatforms) = preSolution
		Debug|Any CPU = Debug|Any CPU
		Release|Any CPU = Release|Any CPU
	EndGlobalSection
	GlobalSection(ProjectConfigurationPlatforms) = postSolution
		{6B3D2A36-81FC-4AAF-8E64-E9C70701B4AA}.Debug|Any CPU.ActiveCfg = Debug|Any CPU
		{6B3D2A36-81FC-4AAF-8E64-E9C70701B4AA}.Debug|Any CPU.Build.0 = Debug|Any CPU
		{6B3D2A36-81FC-4AAF-8E64-E9C70701B4AA}.Release|Any CPU.ActiveCfg = Release|Any CPU
		{6B3D2A36-81FC-4AAF-8E64-E9C70701B4AA}.Release|Any CPU.Build.0 = Release|Any CPU
		{45FF93E4-B45B-478B-BD0D-052A8369661B}.Debug|Any CPU.ActiveCfg = Debug|Any CPU
		{45FF93E4-B45B-478B-BD0D-052A8369661B}.Debug|Any CPU.Build.0 = Debug|Any CPU
		{45FF93E4-B45B-478B-BD0D-052A8369661B}.Release|Any CPU.ActiveCfg = Release|Any CPU
		{45FF93E4-B45B-478B-BD0D-052A8369661B}.Release|Any CPU.Build.0 = Release|Any CPU
	EndGlobalSection
	GlobalSection(SolutionProperties) = preSolution
		HideSolutionNode = FALSE
	EndGlobalSection
	GlobalSection(ExtensibilityGlobals) = postSolution
		SolutionGuid = {D13A98BE-1F8C-4E8C-8641-FD848F4A5FF0}
	EndGlobalSection
EndGlobal
